// !$*UTF8*$!
{
	archiveVersion = 1;
	classes = {
	};
	objectVersion = 46;
	objects = {

/* Begin PBXBuildFile section */
		824B6C821F35554F00B7B36C /* AppDelegate.swift in Sources */ = {isa = PBXBuildFile; fileRef = 824B6C811F35554F00B7B36C /* AppDelegate.swift */; };
		824B6C841F35554F00B7B36C /* ViewController.swift in Sources */ = {isa = PBXBuildFile; fileRef = 824B6C831F35554F00B7B36C /* ViewController.swift */; };
		824B6C871F35554F00B7B36C /* Main.storyboard in Resources */ = {isa = PBXBuildFile; fileRef = 824B6C851F35554F00B7B36C /* Main.storyboard */; };
		824B6C891F35554F00B7B36C /* Assets.xcassets in Resources */ = {isa = PBXBuildFile; fileRef = 824B6C881F35554F00B7B36C /* Assets.xcassets */; };
		824B6C8C1F35554F00B7B36C /* LaunchScreen.storyboard in Resources */ = {isa = PBXBuildFile; fileRef = 824B6C8A1F35554F00B7B36C /* LaunchScreen.storyboard */; };
		824B6C9E1F35576600B7B36C /* LanguageManager.swift in Sources */ = {isa = PBXBuildFile; fileRef = 824B6C9D1F35576600B7B36C /* LanguageManager.swift */; };
		824B6CA11F35634C00B7B36C /* Localizable.strings in Resources */ = {isa = PBXBuildFile; fileRef = 824B6CA31F35634C00B7B36C /* Localizable.strings */; };
/* End PBXBuildFile section */

/* Begin PBXFileReference section */
		824B6C7E1F35554F00B7B36C /* Localization-05-08-2017.app */ = {isa = PBXFileReference; explicitFileType = wrapper.application; includeInIndex = 0; path = "Localization-05-08-2017.app"; sourceTree = BUILT_PRODUCTS_DIR; };
		824B6C811F35554F00B7B36C /* AppDelegate.swift */ = {isa = PBXFileReference; lastKnownFileType = sourcecode.swift; path = AppDelegate.swift; sourceTree = "<group>"; };
		824B6C831F35554F00B7B36C /* ViewController.swift */ = {isa = PBXFileReference; lastKnownFileType = sourcecode.swift; path = ViewController.swift; sourceTree = "<group>"; };
		824B6C861F35554F00B7B36C /* Base */ = {isa = PBXFileReference; lastKnownFileType = file.storyboard; name = Base; path = Base.lproj/Main.storyboard; sourceTree = "<group>"; };
		824B6C881F35554F00B7B36C /* Assets.xcassets */ = {isa = PBXFileReference; lastKnownFileType = folder.assetcatalog; path = Assets.xcassets; sourceTree = "<group>"; };
		824B6C8B1F35554F00B7B36C /* Base */ = {isa = PBXFileReference; lastKnownFileType = file.storyboard; name = Base; path = Base.lproj/LaunchScreen.storyboard; sourceTree = "<group>"; };
		824B6C8D1F35554F00B7B36C /* Info.plist */ = {isa = PBXFileReference; lastKnownFileType = text.plist.xml; path = Info.plist; sourceTree = "<group>"; };
		824B6C931F35560B00B7B36C /* km */ = {isa = PBXFileReference; lastKnownFileType = text.plist.strings; name = km; path = km.lproj/Main.strings; sourceTree = "<group>"; };
		824B6C941F35560B00B7B36C /* km */ = {isa = PBXFileReference; lastKnownFileType = text.plist.strings; name = km; path = km.lproj/LaunchScreen.strings; sourceTree = "<group>"; };
		824B6C9D1F35576600B7B36C /* LanguageManager.swift */ = {isa = PBXFileReference; fileEncoding = 4; lastKnownFileType = sourcecode.swift; path = LanguageManager.swift; sourceTree = "<group>"; };
		824B6CA21F35634C00B7B36C /* en */ = {isa = PBXFileReference; lastKnownFileType = text.plist.strings; name = en; path = en.lproj/Localizable.strings; sourceTree = "<group>"; };
		824B6CA41F35634D00B7B36C /* km */ = {isa = PBXFileReference; lastKnownFileType = text.plist.strings; name = km; path = km.lproj/Localizable.strings; sourceTree = "<group>"; };
/* End PBXFileReference section */

/* Begin PBXFrameworksBuildPhase section */
		824B6C7B1F35554E00B7B36C /* Frameworks */ = {
			isa = PBXFrameworksBuildPhase;
			buildActionMask = 2147483647;
			files = (
			);
			runOnlyForDeploymentPostprocessing = 0;
		};
/* End PBXFrameworksBuildPhase section */

/* Begin PBXGroup section */
		824B6C751F35554E00B7B36C = {
			isa = PBXGroup;
			children = (
				824B6C801F35554F00B7B36C /* Localization-05-08-2017 */,
				824B6C7F1F35554F00B7B36C /* Products */,
			);
			sourceTree = "<group>";
		};
		824B6C7F1F35554F00B7B36C /* Products */ = {
			isa = PBXGroup;
			children = (
				824B6C7E1F35554F00B7B36C /* Localization-05-08-2017.app */,
			);
			name = Products;
			sourceTree = "<group>";
		};
		824B6C801F35554F00B7B36C /* Localization-05-08-2017 */ = {
			isa = PBXGroup;
			children = (
				824B6C9C1F35574100B7B36C /* LanguageManager */,
				824B6C951F35563500B7B36C /* Base.lproj */,
				824B6C811F35554F00B7B36C /* AppDelegate.swift */,
				824B6C831F35554F00B7B36C /* ViewController.swift */,
				824B6C851F35554F00B7B36C /* Main.storyboard */,
				824B6C881F35554F00B7B36C /* Assets.xcassets */,
				824B6C8A1F35554F00B7B36C /* LaunchScreen.storyboard */,
				824B6C8D1F35554F00B7B36C /* Info.plist */,
			);
			path = "Localization-05-08-2017";
			sourceTree = "<group>";
		};
		824B6C951F35563500B7B36C /* Base.lproj */ = {
			isa = PBXGroup;
			children = (
				824B6CA31F35634C00B7B36C /* Localizable.strings */,
			);
			name = Base.lproj;
			sourceTree = "<group>";
		};
		824B6C9C1F35574100B7B36C /* LanguageManager */ = {
			isa = PBXGroup;
			children = (
				824B6C9D1F35576600B7B36C /* LanguageManager.swift */,
			);
			name = LanguageManager;
			sourceTree = "<group>";
		};
/* End PBXGroup section */

/* Begin PBXNativeTarget section */
		824B6C7D1F35554E00B7B36C /* Localization-05-08-2017 */ = {
			isa = PBXNativeTarget;
			buildConfigurationList = 824B6C901F35554F00B7B36C /* Build configuration list for PBXNativeTarget "Localization-05-08-2017" */;
			buildPhases = (
				824B6C7A1F35554E00B7B36C /* Sources */,
				824B6C7B1F35554E00B7B36C /* Frameworks */,
				824B6C7C1F35554E00B7B36C /* Resources */,
			);
			buildRules = (
			);
			dependencies = (
			);
			name = "Localization-05-08-2017";
			productName = "Localization-05-08-2017";
			productReference = 824B6C7E1F35554F00B7B36C /* Localization-05-08-2017.app */;
			productType = "com.apple.product-type.application";
		};
/* End PBXNativeTarget section */

/* Begin PBXProject section */
		824B6C761F35554E00B7B36C /* Project object */ = {
			isa = PBXProject;
			attributes = {
				LastSwiftUpdateCheck = 0820;
				LastUpgradeCheck = 0820;
				ORGANIZATIONNAME = "Soeng Saravit";
				TargetAttributes = {
					824B6C7D1F35554E00B7B36C = {
						CreatedOnToolsVersion = 8.2.1;
						DevelopmentTeam = TKR2QX32K8;
						ProvisioningStyle = Automatic;
					};
				};
			};
			buildConfigurationList = 824B6C791F35554E00B7B36C /* Build configuration list for PBXProject "Localization-05-08-2017" */;
			compatibilityVersion = "Xcode 3.2";
			developmentRegion = English;
			hasScannedForEncodings = 0;
			knownRegions = (
				en,
				Base,
				km,
			);
			mainGroup = 824B6C751F35554E00B7B36C;
			productRefGroup = 824B6C7F1F35554F00B7B36C /* Products */;
			projectDirPath = "";
			projectRoot = "";
			targets = (
				824B6C7D1F35554E00B7B36C /* Localization-05-08-2017 */,
			);
		};
/* End PBXProject section */

/* Begin PBXResourcesBuildPhase section */
		824B6C7C1F35554E00B7B36C /* Resources */ = {
			isa = PBXResourcesBuildPhase;
			buildActionMask = 2147483647;
			files = (
				824B6C8C1F35554F00B7B36C /* LaunchScreen.storyboard in Resources */,
				824B6CA11F35634C00B7B36C /* Localizable.strings in Resources */,
				824B6C891F35554F00B7B36C /* Assets.xcassets in Resources */,
				824B6C871F35554F00B7B36C /* Main.storyboard in Resources */,
			);
			runOnlyForDeploymentPostprocessing = 0;
		};
/* End PBXResourcesBuildPhase section */

/* Begin PBXSourcesBuildPhase section */
		824B6C7A1F35554E00B7B36C /* Sources */ = {
			isa = PBXSourcesBuildPhase;
			buildActionMask = 2147483647;
			files = (
				824B6C9E1F35576600B7B36C /* LanguageManager.swift in Sources */,
				824B6C841F35554F00B7B36C /* ViewController.swift in Sources */,
				824B6C821F35554F00B7B36C /* AppDelegate.swift in Sources */,
			);
			runOnlyForDeploymentPostprocessing = 0;
		};
/* End PBXSourcesBuildPhase section */

/* Begin PBXVariantGroup section */
		824B6C851F35554F00B7B36C /* Main.storyboard */ = {
			isa = PBXVariantGroup;
			children = (
				824B6C861F35554F00B7B36C /* Base */,
				824B6C931F35560B00B7B36C /* km */,
			);
			name = Main.storyboard;
			sourceTree = "<group>";
		};
		824B6C8A1F35554F00B7B36C /* LaunchScreen.storyboard */ = {
			isa = PBXVariantGroup;
			children = (
				824B6C8B1F35554F00B7B36C /* Base */,
				824B6C941F35560B00B7B36C /* km */,
			);
			name = LaunchScreen.storyboard;
			sourceTree = "<group>";
		};
		824B6CA31F35634C00B7B36C /* Localizable.strings */ = {
			isa = PBXVariantGroup;
			children = (
				824B6CA21F35634C00B7B36C /* en */,
				824B6CA41F35634D00B7B36C /* km */,
			);
			name = Localizable.strings;
			sourceTree = "<group>";
		};
/* End PBXVariantGroup section */

/* Begin XCBuildConfiguration section */
		824B6C8E1F35554F00B7B36C /* Debug */ = {
			isa = XCBuildConfiguration;
			buildSettings = {
				ALWAYS_SEARCH_USER_PATHS = NO;
				CLANG_ANALYZER_LOCALIZABILITY_NONLOCALIZED = YES;
				CLANG_ANALYZER_NONNULL = YES;
				CLANG_CXX_LANGUAGE_STANDARD = "gnu++0x";
				CLANG_CXX_LIBRARY = "libc++";
				CLANG_ENABLE_MODULES = YES;
				CLANG_ENABLE_OBJC_ARC = YES;
				CLANG_WARN_BOOL_CONVERSION = YES;
				CLANG_WARN_CONSTANT_CONVERSION = YES;
				CLANG_WARN_DIRECT_OBJC_ISA_USAGE = YES_ERROR;
				CLANG_WARN_DOCUMENTATION_COMMENTS = YES;
				CLANG_WARN_EMPTY_BODY = YES;
				CLANG_WARN_ENUM_CONVERSION = YES;
				CLANG_WARN_INFINITE_RECURSION = YES;
				CLANG_WARN_INT_CONVERSION = YES;
				CLANG_WARN_OBJC_ROOT_CLASS = YES_ERROR;
				CLANG_WARN_SUSPICIOUS_MOVE = YES;
				CLANG_WARN_UNREACHABLE_CODE = YES;
				CLANG_WARN__DUPLICATE_METHOD_MATCH = YES;
				"CODE_SIGN_IDENTITY[sdk=iphoneos*]" = "iPhone Developer";
				COPY_PHASE_STRIP = NO;
				DEBUG_INFORMATION_FORMAT = dwarf;
				ENABLE_STRICT_OBJC_MSGSEND = YES;
				ENABLE_TESTABILITY = YES;
				GCC_C_LANGUAGE_STANDARD = gnu99;
				GCC_DYNAMIC_NO_PIC = NO;
				GCC_NO_COMMON_BLOCKS = YES;
				GCC_OPTIMIZATION_LEVEL = 0;
				GCC_PREPROCESSOR_DEFINITIONS = (
					"DEBUG=1",
					"$(inherited)",
				);
				GCC_WARN_64_TO_32_BIT_CONVERSION = YES;
				GCC_WARN_ABOUT_RETURN_TYPE = YES_ERROR;
				GCC_WARN_UNDECLARED_SELECTOR = YES;
				GCC_WARN_UNINITIALIZED_AUTOS = YES_AGGRESSIVE;
				GCC_WARN_UNUSED_FUNCTION = YES;
				GCC_WARN_UNUSED_VARIABLE = YES;
				IPHONEOS_DEPLOYMENT_TARGET = 10.2;
				MTL_ENABLE_DEBUG_INFO = YES;
				ONLY_ACTIVE_ARCH = YES;
				SDKROOT = iphoneos;
				SWIFT_ACTIVE_COMPILATION_CONDITIONS = DEBUG;
				SWIFT_OPTIMIZATION_LEVEL = "-Onone";
			};
			name = Debug;
		};
		824B6C8F1F35554F00B7B36C /* Release */ = {
			isa = XCBuildConfiguration;
			buildSettings = {
				ALWAYS_SEARCH_USER_PATHS = NO;
				CLANG_ANALYZER_LOCALIZABILITY_NONLOCALIZED = YES;
				CLANG_ANALYZER_NONNULL = YES;
				CLANG_CXX_LANGUAGE_STANDARD = "gnu++0x";
				CLANG_CXX_LIBRARY = "libc++";
				CLANG_ENABLE_MODULES = YES;
				CLANG_ENABLE_OBJC_ARC = YES;
				CLANG_WARN_BOOL_CONVERSION = YES;
				CLANG_WARN_CONSTANT_CONVERSION = YES;
				CLANG_WARN_DIRECT_OBJC_ISA_USAGE = YES_ERROR;
				CLANG_WARN_DOCUMENTATION_COMMENTS = YES;
				CLANG_WARN_EMPTY_BODY = YES;
				CLANG_WARN_ENUM_CONVERSION = YES;
				CLANG_WARN_INFINITE_RECURSION = YES;
				CLANG_WARN_INT_CONVERSION = YES;
				CLANG_WARN_OBJC_ROOT_CLASS = YES_ERROR;
				CLANG_WARN_SUSPICIOUS_MOVE = YES;
				CLANG_WARN_UNREACHABLE_CODE = YES;
				CLANG_WARN__DUPLICATE_METHOD_MATCH = YES;
				"CODE_SIGN_IDENTITY[sdk=iphoneos*]" = "iPhone Developer";
				COPY_PHASE_STRIP = NO;
				DEBUG_INFORMATION_FORMAT = "dwarf-with-dsym";
				ENABLE_NS_ASSERTIONS = NO;
				ENABLE_STRICT_OBJC_MSGSEND = YES;
				GCC_C_LANGUAGE_STANDARD = gnu99;
				GCC_NO_COMMON_BLOCKS = YES;
				GCC_WARN_64_TO_32_BIT_CONVERSION = YES;
				GCC_WARN_ABOUT_RETURN_TYPE = YES_ERROR;
				GCC_WARN_UNDECLARED_SELECTOR = YES;
				GCC_WARN_UNINITIALIZED_AUTOS = YES_AGGRESSIVE;
				GCC_WARN_UNUSED_FUNCTION = YES;
				GCC_WARN_UNUSED_VARIABLE = YES;
				IPHONEOS_DEPLOYMENT_TARGET = 10.2;
				MTL_ENABLE_DEBUG_INFO = NO;
				SDKROOT = iphoneos;
				SWIFT_OPTIMIZATION_LEVEL = "-Owholemodule";
				VALIDATE_PRODUCT = YES;
			};
			name = Release;
		};
		824B6C911F35554F00B7B36C /* Debug */ = {
			isa = XCBuildConfiguration;
			buildSettings = {
				ASSETCATALOG_COMPILER_APPICON_NAME = AppIcon;
				DEVELOPMENT_TEAM = TKR2QX32K8;
				INFOPLIST_FILE = "Localization-05-08-2017/Info.plist";
				LD_RUNPATH_SEARCH_PATHS = "$(inherited) @executable_path/Frameworks";
				PRODUCT_BUNDLE_IDENTIFIER = "com.hrd.Localization-05-08-2017";
				PRODUCT_NAME = "$(TARGET_NAME)";
				SWIFT_VERSION = 3.0;
			};
			name = Debug;
		};
		824B6C921F35554F00B7B36C /* Release */ = {
			isa = XCBuildConfiguration;
			buildSettings = {
				ASSETCATALOG_COMPILER_APPICON_NAME = AppIcon;
				DEVELOPMENT_TEAM = TKR2QX32K8;
				INFOPLIST_FILE = "Localization-05-08-2017/Info.plist";
				LD_RUNPATH_SEARCH_PATHS = "$(inherited) @executable_path/Frameworks";
				PRODUCT_BUNDLE_IDENTIFIER = "com.hrd.Localization-05-08-2017";
				PRODUCT_NAME = "$(TARGET_NAME)";
				SWIFT_VERSION = 3.0;
			};
			name = Release;
		};
/* End XCBuildConfiguration section */

/* Begin XCConfigurationList section */
		824B6C791F35554E00B7B36C /* Build configuration list for PBXProject "Localization-05-08-2017" */ = {
			isa = XCConfigurationList;
			buildConfigurations = (
				824B6C8E1F35554F00B7B36C /* Debug */,
				824B6C8F1F35554F00B7B36C /* Release */,
			);
			defaultConfigurationIsVisible = 0;
			defaultConfigurationName = Release;
		};
		824B6C901F35554F00B7B36C /* Build configuration list for PBXNativeTarget "Localization-05-08-2017" */ = {
			isa = XCConfigurationList;
			buildConfigurations = (
				824B6C911F35554F00B7B36C /* Debug */,
				824B6C921F35554F00B7B36C /* Release */,
			);
			defaultConfigurationIsVisible = 0;
		};
/* End XCConfigurationList section */
	};
	rootObject = 824B6C761F35554E00B7B36C /* Project object */;
}
